{
  "nodes": {
    "fenix": {
      "inputs": {
        "nixpkgs": [
          "nixpkgs-unstable"
        ],
        "rust-analyzer-src": "rust-analyzer-src"
      },
      "locked": {
        "lastModified": 1681567221,
        "narHash": "sha256-npJIhn0cn0D1P6pkkHJOYCvM04SoVhBrcVXUrxD+zIU=",
        "owner": "nix-community",
        "repo": "fenix",
        "rev": "94e14fb51056a020a7d8cf44518cca09ba270363",
        "type": "github"
      },
      "original": {
        "owner": "nix-community",
        "repo": "fenix",
        "type": "github"
      }
    },
    "flake-utils": {
      "inputs": {
        "systems": "systems"
      },
      "locked": {
        "lastModified": 1681202837,
        "narHash": "sha256-H+Rh19JDwRtpVPAWp64F+rlEtxUWBAQW28eAi3SRSzg=",
        "owner": "numtide",
        "repo": "flake-utils",
        "rev": "cfacdce06f30d2b68473a46042957675eebb3401",
        "type": "github"
      },
      "original": {
        "owner": "numtide",
        "repo": "flake-utils",
        "type": "github"
      }
    },
    "flake-utils_2": {
      "locked": {
        "lastModified": 1678901627,
        "narHash": "sha256-U02riOqrKKzwjsxc/400XnElV+UtPUQWpANPlyazjH0=",
        "owner": "numtide",
        "repo": "flake-utils",
        "rev": "93a2b84fc4b70d9e089d029deacc3583435c2ed6",
        "type": "github"
      },
      "original": {
        "owner": "numtide",
        "repo": "flake-utils",
        "type": "github"
      }
    },
    "microvm": {
      "inputs": {
        "flake-utils": "flake-utils_2",
        "nixpkgs": [
          "nixpkgs"
        ]
      },
      "locked": {
        "lastModified": 1681503602,
        "narHash": "sha256-4QbGS4tghgSFNn0E06qR2ygcej0IDPxZeQ8WvqWapq4=",
        "owner": "astro",
        "repo": "microvm.nix",
        "rev": "d578ed45d3528c42ab4b12edf6d1512a7bd35714",
        "type": "github"
      },
      "original": {
        "owner": "astro",
        "repo": "microvm.nix",
        "type": "github"
      }
    },
    "nixpkgs": {
      "locked": {
        "lastModified": 1681482634,
        "narHash": "sha256-cT/nr3L8khEYZSGp8qqwxFH+/q4/547MfyOdSj6MhBk=",
        "owner": "NixOS",
        "repo": "nixpkgs",
        "rev": "fda0d99c2cbbb5c89d8855d258cb0821bd9113ad",
        "type": "github"
      },
      "original": {
        "owner": "NixOS",
        "ref": "nixos-22.11",
        "repo": "nixpkgs",
        "type": "github"
      }
    },
    "nixpkgs-stable": {
      "locked": {
        "lastModified": 1681005198,
        "narHash": "sha256-5LrnBeXR7Hv8OXh6eany7br4qBW+ZNl4LKf1CJu9zbg=",
        "owner": "NixOS",
        "repo": "nixpkgs",
        "rev": "e45cc0138829ad86e7ff17a76acf2d05e781e30a",
        "type": "github"
      },
      "original": {
        "owner": "NixOS",
        "ref": "release-22.11",
        "repo": "nixpkgs",
        "type": "github"
      }
    },
    "nixpkgs-unstable": {
      "locked": {
        "lastModified": 1681465517,
        "narHash": "sha256-EasJh15/jcJNAHtq2SGbiADRXteURAnQbj1NqBoKkzU=",
        "owner": "nixos",
        "repo": "nixpkgs",
        "rev": "abe7316dd51a313ce528972b104f4f04f56eefc4",
        "type": "github"
      },
      "original": {
        "owner": "nixos",
        "ref": "nixos-unstable",
        "repo": "nixpkgs",
        "type": "github"
      }
    },
    "root": {
      "inputs": {
        "fenix": "fenix",
        "flake-utils": "flake-utils",
        "microvm": "microvm",
        "nixpkgs": "nixpkgs",
        "nixpkgs-unstable": "nixpkgs-unstable",
        "sops-nix": "sops-nix",
        "tmux-yank": "tmux-yank"
      }
    },
    "rust-analyzer-src": {
      "flake": false,
      "locked": {
        "lastModified": 1681478629,
        "narHash": "sha256-z8RTNp3kAVYYtY/mKdS5Elrohmt8tjWyigBzeYbNuV4=",
        "owner": "rust-lang",
        "repo": "rust-analyzer",
        "rev": "b218009f46dd012abcd2d9c2656c3dc498075368",
        "type": "github"
      },
      "original": {
        "owner": "rust-lang",
        "ref": "nightly",
        "repo": "rust-analyzer",
        "type": "github"
      }
    },
    "sops-nix": {
      "inputs": {
        "nixpkgs": [
          "nixpkgs"
        ],
        "nixpkgs-stable": "nixpkgs-stable"
      },
      "locked": {
        "lastModified": 1681209176,
        "narHash": "sha256-wyQokPpkNZnsl/bVf8m1428tfA0hJ0w/qexq4EizhTc=",
        "owner": "Mic92",
        "repo": "sops-nix",
        "rev": "00d5fd73756d424de5263b92235563bc06f2c6e1",
        "type": "github"
      },
      "original": {
        "owner": "Mic92",
        "repo": "sops-nix",
        "type": "github"
      }
    },
    "systems": {
      "locked": {
        "lastModified": 1681028828,
        "narHash": "sha256-Vy1rq5AaRuLzOxct8nz4T6wlgyUR7zLU309k9mBC768=",
        "owner": "nix-systems",
        "repo": "default",
        "rev": "da67096a3b9bf56a91d16901293e51ba5b49a27e",
        "type": "github"
      },
      "original": {
        "owner": "nix-systems",
        "repo": "default",
        "type": "github"
      }
    },
    "tmux-yank": {
      "flake": false,
      "locked": {
        "lastModified": 1601619684,
        "narHash": "sha256-hRvkBf+YrWycecnDixAsD4CAHg3KsioomfJ/nLl5Zgs=",
        "owner": "tmux-plugins",
        "repo": "tmux-yank",
        "rev": "1b1a436e19f095ae8f825243dbe29800a8acd25c",
        "type": "github"
      },
      "original": {
        "owner": "tmux-plugins",
        "repo": "tmux-yank",
        "type": "github"
      }
    }
  },
  "root": "root",
  "version": 7
}
