{
  "nodes": {
    "fenix": {
      "inputs": {
        "nixpkgs": [
          "nixpkgs-unstable"
        ],
        "rust-analyzer-src": "rust-analyzer-src"
      },
      "locked": {
        "lastModified": 1662826257,
        "narHash": "sha256-1zAyKwB8yisi3PCO/ciwuo9fC+SOFtDaTIU/A8Xnih0=",
        "owner": "nix-community",
        "repo": "fenix",
        "rev": "644d89350de0f3701209d17313c27e95aac7e86e",
        "type": "github"
      },
      "original": {
        "owner": "nix-community",
        "repo": "fenix",
        "type": "github"
      }
    },
    "flake-utils": {
      "locked": {
        "lastModified": 1659877975,
        "narHash": "sha256-zllb8aq3YO3h8B/U0/J1WBgAL8EX5yWf5pMj3G0NAmc=",
        "owner": "numtide",
        "repo": "flake-utils",
        "rev": "c0e246b9b83f637f4681389ecabcb2681b4f3af0",
        "type": "github"
      },
      "original": {
        "owner": "numtide",
        "repo": "flake-utils",
        "type": "github"
      }
    },
    "microvm": {
      "inputs": {
        "flake-utils": "flake-utils",
        "nixpkgs": [
          "nixpkgs"
        ]
      },
      "locked": {
        "lastModified": 1662681039,
        "narHash": "sha256-I/8mLhVbnCLLYR8a7mMtTxQZfeTNBTK/yDFpNXFtH90=",
        "owner": "astro",
        "repo": "microvm.nix",
        "rev": "ae72a6f38247f1c226acae43568612c8b0bf7c03",
        "type": "github"
      },
      "original": {
        "owner": "astro",
        "repo": "microvm.nix",
        "type": "github"
      }
    },
    "nixpkgs": {
      "locked": {
        "lastModified": 1662739455,
        "narHash": "sha256-nfUkPoIIhSXZFxvN2TU7LL7k5CbC1iuSaSkLGgViMvE=",
        "owner": "NixOS",
        "repo": "nixpkgs",
        "rev": "45b56b5321aed52d4464dc9af94dc1b20d477ac5",
        "type": "github"
      },
      "original": {
        "owner": "NixOS",
        "ref": "nixos-22.05",
        "repo": "nixpkgs",
        "type": "github"
      }
    },
    "nixpkgs-22_05": {
      "locked": {
        "lastModified": 1662221733,
        "narHash": "sha256-dw1xjYyQ0JidXIpzeQh/gQX+ih1sJO1zBHKs5QSYp8Q=",
        "owner": "NixOS",
        "repo": "nixpkgs",
        "rev": "013e8d86d9a3f33074c903c8ffcab0d34087b1ed",
        "type": "github"
      },
      "original": {
        "owner": "NixOS",
        "ref": "release-22.05",
        "repo": "nixpkgs",
        "type": "github"
      }
    },
    "nixpkgs-unstable": {
      "locked": {
        "lastModified": 1662732537,
        "narHash": "sha256-iqxa+38SRU+SwNsKDyP8rZt79yPFGSgTe+K4Ujbb/uw=",
        "owner": "NixOS",
        "repo": "nixpkgs",
        "rev": "74a1793c659d09d7cf738005308b1f86c90cb59b",
        "type": "github"
      },
      "original": {
        "owner": "NixOS",
        "ref": "nixos-unstable",
        "repo": "nixpkgs",
        "type": "github"
      }
    },
    "root": {
      "inputs": {
        "fenix": "fenix",
        "microvm": "microvm",
        "nixpkgs": "nixpkgs",
        "nixpkgs-unstable": "nixpkgs-unstable",
        "sops-nix": "sops-nix"
      }
    },
    "rust-analyzer-src": {
      "flake": false,
      "locked": {
        "lastModified": 1662696920,
        "narHash": "sha256-Hq2oeQzWBPowfhlVoTc42nT8WxmDFsJ6oykWdkvPa0s=",
        "owner": "rust-lang",
        "repo": "rust-analyzer",
        "rev": "b7e8b9a6b8f25f269bc141f2749555418ab0f370",
        "type": "github"
      },
      "original": {
        "owner": "rust-lang",
        "ref": "nightly",
        "repo": "rust-analyzer",
        "type": "github"
      }
    },
    "sops-nix": {
      "inputs": {
        "nixpkgs": [
          "nixpkgs"
        ],
        "nixpkgs-22_05": "nixpkgs-22_05"
      },
      "locked": {
        "lastModified": 1662390490,
        "narHash": "sha256-HnFHRFu0eoB0tLOZRjLgVfHzK+4bQzAmAmHSzOquuyI=",
        "owner": "Mic92",
        "repo": "sops-nix",
        "rev": "044ccfe24b349859cd9efc943e4465cc993ac84e",
        "type": "github"
      },
      "original": {
        "owner": "Mic92",
        "repo": "sops-nix",
        "type": "github"
      }
    }
  },
  "root": "root",
  "version": 7
}
